{
    "_meta": {
        "hash": {
            "sha256": "3e7e2851a98c9541ea63149e6987cb778667771f49efed1a048772058d60d98e"
        },
        "pipfile-spec": 6,
        "requires": {},
        "sources": [
            {
                "name": "pypi",
                "url": "https://pypi.org/simple",
                "verify_ssl": true
            }
        ]
    },
    "default": {
        "appnope": {
            "hashes": [
                "sha256:5b26757dc6f79a3b7dc9fab95359328d5747fcb2409d331ea66d0272b90ab2a0",
                "sha256:8b995ffe925347a2138d7ac0fe77155e4311a0ea6d6da4f5128fe4b3cbe5ed71"
            ],
            "index": "pypi",
            "version": "==0.1.0"
        },
        "asgiref": {
            "hashes": [
                "sha256:8036f90603c54e93521e5777b2b9a39ba1bad05773fcf2d208f0299d1df58ce5",
                "sha256:9ca8b952a0a9afa61d30aa6d3d9b570bb3fd6bafcf7ec9e6bed43b936133db1c"
            ],
            "index": "pypi",
            "version": "==3.2.7"
        },
        "backcall": {
            "hashes": [
                "sha256:38ecd85be2c1e78f77fd91700c76e14667dc21e2713b63876c0eb901196e01e4",
                "sha256:bbbf4b1e5cd2bdb08f915895b51081c041bac22394fdfcfdfbe9f14b77c08bf2"
            ],
            "index": "pypi",
            "version": "==0.1.0"
        },
        "cachetools": {
            "hashes": [
                "sha256:2cc0b89715337ab6dbba85b5b50effe2b0c74e035d83ee8ed637cf52f12ae001",
                "sha256:61b5ed1e22a0924aed1d23b478f37e8d52549ff8a961de2909c69bf950020cff"
            ],
            "version": "==4.2.2"
        },
        "certifi": {
            "hashes": [
                "sha256:2bbf76fd432960138b3ef6dda3dde0544f27cbf8546c458e60baf371917ba9ee",
                "sha256:50b1e4f8446b06f41be7dd6338db18e0990601dce795c2b1686458aa7e8fa7d8"
            ],
            "version": "==2021.5.30"
        },
        "chardet": {
            "hashes": [
                "sha256:0d6f53a15db4120f2b08c94f11e7d93d2c911ee118b6b30a04ec3ee8310179fa",
                "sha256:f864054d66fd9118f2e67044ac8981a54775ec5b67aed0441892edb553d21da5"
            ],
            "version": "==4.0.0"
        },
        "decorator": {
            "hashes": [
                "sha256:41fa54c2a0cc4ba648be4fd43cff00aedf5b9465c9bf18d64325bc225f08f760",
                "sha256:e3a62f0520172440ca0dcc823749319382e377f37f140a0b99ef45fecb84bfe7"
            ],
            "index": "pypi",
            "version": "==4.4.2"
        },
        "defusedxml": {
            "hashes": [
                "sha256:1bb3032db185915b62d7c6209c5a8792be6a32ab2fedacc84e01b52c51aa3e69",
                "sha256:a352e7e428770286cc899e2542b6cdaedb2b4953ff269a210103ec58f6198a61"
            ],
            "version": "==0.7.1"
        },
        "django": {
            "hashes": [
                "sha256:5052b34b34b3425233c682e0e11d658fd6efd587d11335a0203d827224ada8f2",
                "sha256:e1630333248c9b3d4e38f02093a26f1e07b271ca896d73097457996e0fae12e8"
            ],
            "index": "pypi",
            "version": "==3.0.7"
        },
        "django-allauth": {
            "hashes": [
                "sha256:f17209410b7f87da0a84639fd79d3771b596a6d3fc1a8e48ce50dabc7f441d30"
            ],
            "index": "pypi",
            "version": "==0.42.0"
        },
        "django-cors-headers": {
            "hashes": [
                "sha256:48d267c10d11d8e17805bf896071c0a3e8efb6f79f6634a90e6faac4c2f8a1a0",
                "sha256:73d654950b5f5e7e4f67c05183d2169d4f7518ceb87734eb0d68f9e43be59f1c"
            ],
            "index": "pypi",
            "version": "==3.3.0"
        },
        "django-rest-framework": {
            "hashes": [
                "sha256:47a8f496fa69e3b6bd79f68dd7a1527d907d6b77f009e9db7cf9bb21cc565e4a"
            ],
            "index": "pypi",
            "version": "==0.1.0"
        },
        "djangorestframework": {
            "hashes": [
                "sha256:05809fc66e1c997fd9a32ea5730d9f4ba28b109b9da71fccfa5ff241201fd0a4",
                "sha256:e782087823c47a26826ee5b6fa0c542968219263fb3976ec3c31edab23a4001f"
            ],
            "index": "pypi",
            "version": "==3.11.0"
        },
        "google-api-core": {
            "hashes": [
                "sha256:02646803bd728e12dd1f45ee1dcc31c12614c9a1ac451b9a1ce26aa65df9b957",
                "sha256:a658a4e367511a444c7daf2c58855ff6fd7f7d138c154e5b17186c1f8154c8cb"
            ],
            "version": "==1.28.0"
        },
        "google-api-python-client": {
            "hashes": [
                "sha256:51ac5158e5a011c2f5ff78c8a08dec6975efc74221a9714438a75ea26555e04a",
                "sha256:fa24f07f6124ff2e91ee9b7550e240481bcb31b8f77a75e8d481be1c44a6ff07"
            ],
            "index": "pypi",
            "version": "==1.10.0"
        },
        "google-auth": {
            "hashes": [
                "sha256:044d81b1e58012f8ebc71cc134e191c1fa312f543f1fbc99973afe28c25e3228",
                "sha256:b3ca7a8ff9ab3bdefee3ad5aefb11fc6485423767eee016f5942d8e606ca23fb"
            ],
            "version": "==1.30.1"
        },
        "google-auth-httplib2": {
            "hashes": [
                "sha256:31e49c36c6b5643b57e82617cb3e021e3e1d2df9da63af67252c02fa9c1f4a10",
                "sha256:a07c39fd632becacd3f07718dfd6021bf396978f03ad3ce4321d060015cc30ac"
            ],
            "version": "==0.1.0"
        },
        "google-auth-oauthlib": {
            "hashes": [
                "sha256:88d2cd115e3391eb85e1243ac6902e76e77c5fe438b7276b297fbe68015458dd",
                "sha256:a92a0f6f41a0fb6138454fbc02674e64f89d82a244ea32f98471733c8ef0e0e1"
            ],
            "index": "pypi",
            "version": "==0.4.1"
        },
        "googleapis-common-protos": {
            "hashes": [
                "sha256:a88ee8903aa0a81f6c3cec2d5cf62d3c8aa67c06439b0496b49048fb1854ebf4",
                "sha256:f6d561ab8fb16b30020b940e2dd01cd80082f4762fa9f3ee670f4419b4b8dbd0"
            ],
            "version": "==1.53.0"
        },
        "httplib2": {
            "hashes": [
                "sha256:0b12617eeca7433d4c396a100eaecfa4b08ee99aa881e6df6e257a7aad5d533d",
                "sha256:2ad195faf9faf079723f6714926e9a9061f694d07724b846658ce08d40f522b4"
            ],
            "version": "==0.19.1"
        },
        "idna": {
            "hashes": [
                "sha256:b307872f855b18632ce0c21c5e45be78c0ea7ae4c15c828c20788b26921eb3f6",
                "sha256:b97d804b1e9b523befed77c48dacec60e6dcb0b5391d57af6a65a312a90648c0"
            ],
            "version": "==2.10"
        },
        "ipython": {
            "hashes": [
                "sha256:5b241b84bbf0eb085d43ae9d46adf38a13b45929ca7774a740990c2c242534bb",
                "sha256:f0126781d0f959da852fb3089e170ed807388e986a8dd4e6ac44855845b0fb1c"
            ],
            "index": "pypi",
            "version": "==7.14.0"
        },
        "ipython-genutils": {
            "hashes": [
                "sha256:72dd37233799e619666c9f639a9da83c34013a73e8bbc79a7a6348d93c61fab8",
                "sha256:eb2e116e75ecef9d4d228fdc66af54269afa26ab4463042e33785b887c628ba8"
            ],
            "index": "pypi",
            "version": "==0.2.0"
        },
        "jedi": {
            "hashes": [
                "sha256:cd60c93b71944d628ccac47df9a60fec53150de53d42dc10a7fc4b5ba6aae798",
                "sha256:df40c97641cb943661d2db4c33c2e1ff75d491189423249e989bcea4464f3030"
            ],
            "index": "pypi",
            "version": "==0.17.0"
        },
        "oauthlib": {
            "hashes": [
                "sha256:42bf6354c2ed8c6acb54d971fce6f88193d97297e18602a3a886603f9d7730cc",
                "sha256:8f0215fcc533dd8dd1bee6f4c412d4f0cd7297307d43ac61666389e3bc3198a3"
            ],
            "version": "==3.1.1"
        },
        "packaging": {
            "hashes": [
                "sha256:5b327ac1320dc863dca72f4514ecc086f31186744b84a230374cc1fd776feae5",
                "sha256:67714da7f7bc052e064859c05c595155bd1ee9f69f76557e21f051443c20947a"
            ],
            "version": "==20.9"
        },
        "parso": {
            "hashes": [
                "sha256:158c140fc04112dc45bca311633ae5033c2c2a7b732fa33d0955bad8152a8dd0",
                "sha256:908e9fae2144a076d72ae4e25539143d40b8e3eafbaeae03c1bfe226f4cdf12c"
            ],
            "index": "pypi",
            "version": "==0.7.0"
        },
        "pexpect": {
            "hashes": [
                "sha256:0b48a55dcb3c05f3329815901ea4fc1537514d6ba867a152b581d69ae3710937",
                "sha256:fc65a43959d153d0114afe13997d439c22823a27cefceb5ff35c2178c6784c0c"
            ],
            "index": "pypi",
            "version": "==4.8.0"
        },
        "pickleshare": {
            "hashes": [
                "sha256:87683d47965c1da65cdacaf31c8441d12b8044cdec9aca500cd78fc2c683afca",
                "sha256:9649af414d74d4df115d5d718f82acb59c9d418196b7b4290ed47a12ce62df56"
            ],
            "index": "pypi",
            "version": "==0.7.5"
        },
        "prompt-toolkit": {
            "hashes": [
                "sha256:563d1a4140b63ff9dd587bda9557cffb2fe73650205ab6f4383092fb882e7dc8",
                "sha256:df7e9e63aea609b1da3a65641ceaf5bc7d05e0a04de5bd45d05dbeffbabf9e04"
            ],
            "index": "pypi",
            "version": "==3.0.5"
        },
        "protobuf": {
            "hashes": [
                "sha256:0f237c1e84e46747397a3e8173edb3116e81163b2878fc944a5193b05876eaee",
                "sha256:1fcace96670b8512e805d6e275bd59b860967a7648e05cfad35ec1e7c03d7262",
                "sha256:25bc4f1c23aced9b3a9e70eef7f03e63bcbd6cfbd881a91b5688412dce8992e1",
                "sha256:27c7c933b838a0837eb1f429e7994310ee8577a7b69abc38e84d5db97a2650a2",
                "sha256:2a88be54fce118d69f083b847554afd1852053c0869bdac396678ec9ec6a94d5",
                "sha256:2c6ad26f079301bcf9f1b5d5b4b2dbac0e2e7c0111c6fbecf94f558952c78ee0",
                "sha256:36d306dda3c159a5fe0025ba0e9728aac00dd69523dd12ee3fb7b1717cd80e7d",
                "sha256:40bf764b63f06a816b1c079f7718184fdd8dbfd9dad3cd1a446382492ca00b3e",
                "sha256:437d4681160ac5310457c4dc8ab973ec56769a236c479393c53fa71a26dfb38f",
                "sha256:4ef4865ee740d5b45adfc96481adf1fcbfbb454bd51b86f4c4a5065262d0b08b",
                "sha256:5057744a363d65d2780dc01fa751bb14e860c507b2598b22af241aabb28a0ae9",
                "sha256:6e48c9b26d8e262331c79b208c4bf6b499a71912b1213d77b63c5ca248fc2a4e",
                "sha256:762faa8873d0569466cf66128bdbadd5e500600bdf2f87cf039493ed9d2725b6",
                "sha256:8a509097ba25452c9b44198843b0df67f921bd36f37adcbcfaaf6ee5cbe09132",
                "sha256:94be4d5c2ba372ff159b2cc804d274acbaa7ebf361966f5619f99880c7c09a3c",
                "sha256:a15898d88307dba0363767b30960396a2dec74b8ffe7bcb4e885312a569eda3f",
                "sha256:ad17d3dd80f3377fc70a9dd677ec51231a892f9f65783cf7d2d24ee381f0feca",
                "sha256:ad8cdbc594c886483970ac274b5af98483b272e873b7c5dac60aa3a7222301b3",
                "sha256:b92f95994ff27a6992ea2cf3f369476ad0065986eb00252b760d0bc55c5454a8",
                "sha256:c1631570af7aae611f1cd7c6918fe4a7154507169ef30e8c5f380eba36ee2659",
                "sha256:cbd132f0aa7180f099d3c47fecfbcdca1590ef3b7da8346146192ba580c9b24e",
                "sha256:d06ef0f7873e04e2d1a2bfa0701d063e4dde5242b2946c6f071a442e4cb3be0b",
                "sha256:fea786428b34385b073ef619d896282889b432b87dc043c0b815c72d35d64025"
            ],
            "version": "==3.17.1"
        },
        "ptyprocess": {
            "hashes": [
                "sha256:923f299cc5ad920c68f2bc0bc98b75b9f838b93b599941a6b63ddbc2476394c0",
                "sha256:d7cc528d76e76342423ca640335bd3633420dc1366f258cb31d05e865ef5ca1f"
            ],
            "index": "pypi",
            "version": "==0.6.0"
        },
        "pyasn1": {
            "hashes": [
                "sha256:39c7e2ec30515947ff4e87fb6f456dfc6e84857d34be479c9d4a4ba4bf46aa5d",
                "sha256:aef77c9fb94a3ac588e87841208bdec464471d9871bd5050a287cc9a475cd0ba"
            ],
            "version": "==0.4.8"
        },
        "pyasn1-modules": {
            "hashes": [
                "sha256:905f84c712230b2c592c19470d3ca8d552de726050d1d1716282a1f6146be65e",
                "sha256:a50b808ffeb97cb3601dd25981f6b016cbb3d31fbf57a8b8a87428e6158d0c74"
            ],
            "version": "==0.2.8"
        },
        "pygments": {
            "hashes": [
                "sha256:647344a061c249a3b74e230c739f434d7ea4d8b1d5f3721bc0f3558049b38f44",
                "sha256:ff7a40b4860b727ab48fad6360eb351cc1b33cbf9b15a0f689ca5353e9463324"
            ],
            "index": "pypi",
            "version": "==2.6.1"
        },
        "pyparsing": {
            "hashes": [
                "sha256:c203ec8783bf771a155b207279b9bccb8dea02d8f0c9e5f8ead507bc3246ecc1",
                "sha256:ef9d7589ef3c200abe66653d3f1ab1033c3c419ae9b9bdb1240a85b024efc88b"
            ],
            "version": "==2.4.7"
        },
        "python-dateutil": {
            "hashes": [
                "sha256:73ebfe9dbf22e832286dafa60473e4cd239f8592f699aa5adaf10050e6e1823c",
                "sha256:75bb3f31ea686f1197762692a9ee6a7550b59fc6ca3a1f4b5d7e32fb98e2da2a"
            ],
            "index": "pypi",
            "version": "==2.8.1"
        },
        "python3-openid": {
            "hashes": [
                "sha256:33fbf6928f401e0b790151ed2b5290b02545e8775f982485205a066f874aaeaf",
                "sha256:6626f771e0417486701e0b4daff762e7212e820ca5b29fcc0d05f6f8736dfa6b"
            ],
            "version": "==3.2.0"
        },
        "pytz": {
            "hashes": [
                "sha256:a494d53b6d39c3c6e44c3bec237336e14305e4f29bbf800b599253057fbb79ed",
                "sha256:c35965d010ce31b23eeb663ed3cc8c906275d6be1a34393a1d73a41febf4a048"
            ],
            "index": "pypi",
            "version": "==2020.1"
        },
        "requests": {
            "hashes": [
                "sha256:27973dd4a904a4f13b263a19c866c13b92a39ed1c964655f025f3f8d3d75b804",
                "sha256:c210084e36a42ae6b9219e00e48287def368a26d03a048ddad7bfee44f75871e"
            ],
            "version": "==2.25.1"
        },
        "requests-oauthlib": {
            "hashes": [
                "sha256:7f71572defaecd16372f9006f33c2ec8c077c3cfa6f5911a9a90202beb513f3d",
                "sha256:b4261601a71fd721a8bd6d7aa1cc1d6a8a93b4a9f5e96626f8e4d91e8beeaa6a"
            ],
            "version": "==1.3.0"
        },
        "rsa": {
            "hashes": [
                "sha256:78f9a9bf4e7be0c5ded4583326e7461e3a3c5aae24073648b4bdfa797d78c9d2",
                "sha256:9d689e6ca1b3038bc82bf8d23e944b6b6037bc02301a574935b2dd946e0353b9"
            ],
            "markers": "python_version >= '3.6'",
            "version": "==4.7.2"
        },
        "six": {
            "hashes": [
                "sha256:236bdbdce46e6e6a3d61a337c0f8b763ca1e8717c03b369e87a7ec7ce1319c0a",
                "sha256:8f3cd2e254d8f793e7f3d6d9df77b92252b52637291d0f0da013c76ea2724b6c"
            ],
            "index": "pypi",
            "version": "==1.14.0"
        },
        "sqlparse": {
            "hashes": [
                "sha256:022fb9c87b524d1f7862b3037e541f68597a730a8843245c349fc93e1643dc4e",
                "sha256:e162203737712307dfe78860cc56c8da8a852ab2ee33750e33aeadf38d12c548"
            ],
            "index": "pypi",
            "version": "==0.3.1"
        },
        "traitlets": {
            "hashes": [
                "sha256:70b4c6a1d9019d7b4f6846832288f86998aa3b9207c6821f3578a6a6a467fe44",
                "sha256:d023ee369ddd2763310e4c3eae1ff649689440d4ae59d7485eb4cfbbe3e359f7"
            ],
            "index": "pypi",
            "version": "==4.3.3"
        },
        "uritemplate": {
            "hashes": [
                "sha256:07620c3f3f8eed1f12600845892b0e036a2420acf513c53f7de0abd911a5894f",
                "sha256:5af8ad10cec94f215e3f48112de2022e1d5a37ed427fbd88652fa908f2ab7cae"
            ],
            "version": "==3.0.1"
        },
        "urllib3": {
            "hashes": [
                "sha256:753a0374df26658f99d826cfe40394a686d05985786d946fbe4165b5148f5a7c",
                "sha256:a7acd0977125325f516bda9735fa7142b909a8d01e8b2e4c8108d0984e6e0098"
            ],
            "index": "pypi",
            "version": "==1.26.5"
        },
        "wcwidth": {
            "hashes": [
                "sha256:cafe2186b3c009a04067022ce1dcd79cb38d8d65ee4f4791b8888d6599d1bbe1",
                "sha256:ee73862862a156bf77ff92b09034fc4825dd3af9cf81bc5b360668d425f3c5f1"
            ],
            "index": "pypi",
            "version": "==0.1.9"
        }
    },
    "develop": {}
}
